// !$*UTF8*$!
{
	archiveVersion = 1;
	classes = {
	};
	objectVersion = 56;
	objects = {

/* Begin PBXBuildFile section */
		B1AFEC6A2C73CED700182FAB /* EquilateralTriangle.cpp in Sources */ = {isa = PBXBuildFile; fileRef = B1AFEC682C73CED700182FAB /* EquilateralTriangle.cpp */; };
		B1AFEC6D2C73CEF400182FAB /* Figure.cpp in Sources */ = {isa = PBXBuildFile; fileRef = B1AFEC6B2C73CEF400182FAB /* Figure.cpp */; };
		B1AFEC732C73CF1500182FAB /* FigureError.cpp in Sources */ = {isa = PBXBuildFile; fileRef = B1AFEC712C73CF1500182FAB /* FigureError.cpp */; };
		B1AFEC762C73CF2E00182FAB /* IsoscelesTriangle.cpp in Sources */ = {isa = PBXBuildFile; fileRef = B1AFEC742C73CF2E00182FAB /* IsoscelesTriangle.cpp */; };
		B1AFEC792C73CF3B00182FAB /* Parallelogram.cpp in Sources */ = {isa = PBXBuildFile; fileRef = B1AFEC772C73CF3B00182FAB /* Parallelogram.cpp */; };
		B1AFEC7C2C73CF4C00182FAB /* Quadrangle.cpp in Sources */ = {isa = PBXBuildFile; fileRef = B1AFEC7A2C73CF4C00182FAB /* Quadrangle.cpp */; };
		B1AFEC7F2C73CF5900182FAB /* Rectangle.cpp in Sources */ = {isa = PBXBuildFile; fileRef = B1AFEC7D2C73CF5900182FAB /* Rectangle.cpp */; };
		B1AFEC822C73CF6900182FAB /* RectangularTriangle.cpp in Sources */ = {isa = PBXBuildFile; fileRef = B1AFEC802C73CF6900182FAB /* RectangularTriangle.cpp */; };
		B1AFEC852C73CF7A00182FAB /* Rhomb.cpp in Sources */ = {isa = PBXBuildFile; fileRef = B1AFEC832C73CF7A00182FAB /* Rhomb.cpp */; };
		B1AFEC882C73CF8800182FAB /* Square.cpp in Sources */ = {isa = PBXBuildFile; fileRef = B1AFEC862C73CF8800182FAB /* Square.cpp */; };
		B1AFEC8B2C73CF9B00182FAB /* Triangle.cpp in Sources */ = {isa = PBXBuildFile; fileRef = B1AFEC892C73CF9B00182FAB /* Triangle.cpp */; };
/* End PBXBuildFile section */

/* Begin PBXCopyFilesBuildPhase section */
		B1AFEC5C2C73CC9200182FAB /* CopyFiles */ = {
			isa = PBXCopyFilesBuildPhase;
			buildActionMask = 2147483647;
			dstPath = /usr/share/man/man1/;
			dstSubfolderSpec = 0;
			files = (
			);
			runOnlyForDeploymentPostprocessing = 1;
		};
/* End PBXCopyFilesBuildPhase section */

/* Begin PBXFileReference section */
		B1AFEC5E2C73CC9200182FAB /* Exceptions_in_constructors */ = {isa = PBXFileReference; explicitFileType = "compiled.mach-o.executable"; includeInIndex = 0; path = Exceptions_in_constructors; sourceTree = BUILT_PRODUCTS_DIR; };
		B1AFEC682C73CED700182FAB /* EquilateralTriangle.cpp */ = {isa = PBXFileReference; lastKnownFileType = sourcecode.cpp.cpp; path = EquilateralTriangle.cpp; sourceTree = "<group>"; };
		B1AFEC692C73CED700182FAB /* EquilateralTriangle.hpp */ = {isa = PBXFileReference; lastKnownFileType = sourcecode.cpp.h; path = EquilateralTriangle.hpp; sourceTree = "<group>"; };
		B1AFEC6B2C73CEF400182FAB /* Figure.cpp */ = {isa = PBXFileReference; lastKnownFileType = sourcecode.cpp.cpp; path = Figure.cpp; sourceTree = "<group>"; };
		B1AFEC6C2C73CEF400182FAB /* Figure.hpp */ = {isa = PBXFileReference; lastKnownFileType = sourcecode.cpp.h; path = Figure.hpp; sourceTree = "<group>"; };
		B1AFEC712C73CF1500182FAB /* FigureError.cpp */ = {isa = PBXFileReference; lastKnownFileType = sourcecode.cpp.cpp; path = FigureError.cpp; sourceTree = "<group>"; };
		B1AFEC722C73CF1500182FAB /* FigureError.hpp */ = {isa = PBXFileReference; lastKnownFileType = sourcecode.cpp.h; path = FigureError.hpp; sourceTree = "<group>"; };
		B1AFEC742C73CF2E00182FAB /* IsoscelesTriangle.cpp */ = {isa = PBXFileReference; lastKnownFileType = sourcecode.cpp.cpp; path = IsoscelesTriangle.cpp; sourceTree = "<group>"; };
		B1AFEC752C73CF2E00182FAB /* IsoscelesTriangle.hpp */ = {isa = PBXFileReference; lastKnownFileType = sourcecode.cpp.h; path = IsoscelesTriangle.hpp; sourceTree = "<group>"; };
		B1AFEC772C73CF3B00182FAB /* Parallelogram.cpp */ = {isa = PBXFileReference; lastKnownFileType = sourcecode.cpp.cpp; path = Parallelogram.cpp; sourceTree = "<group>"; };
		B1AFEC782C73CF3B00182FAB /* Parallelogram.hpp */ = {isa = PBXFileReference; lastKnownFileType = sourcecode.cpp.h; path = Parallelogram.hpp; sourceTree = "<group>"; };
		B1AFEC7A2C73CF4C00182FAB /* Quadrangle.cpp */ = {isa = PBXFileReference; lastKnownFileType = sourcecode.cpp.cpp; path = Quadrangle.cpp; sourceTree = "<group>"; };
		B1AFEC7B2C73CF4C00182FAB /* Quadrangle.hpp */ = {isa = PBXFileReference; lastKnownFileType = sourcecode.cpp.h; path = Quadrangle.hpp; sourceTree = "<group>"; };
		B1AFEC7D2C73CF5900182FAB /* Rectangle.cpp */ = {isa = PBXFileReference; lastKnownFileType = sourcecode.cpp.cpp; path = Rectangle.cpp; sourceTree = "<group>"; };
		B1AFEC7E2C73CF5900182FAB /* Rectangle.hpp */ = {isa = PBXFileReference; lastKnownFileType = sourcecode.cpp.h; path = Rectangle.hpp; sourceTree = "<group>"; };
		B1AFEC802C73CF6900182FAB /* RectangularTriangle.cpp */ = {isa = PBXFileReference; lastKnownFileType = sourcecode.cpp.cpp; path = RectangularTriangle.cpp; sourceTree = "<group>"; };
		B1AFEC812C73CF6900182FAB /* RectangularTriangle.hpp */ = {isa = PBXFileReference; lastKnownFileType = sourcecode.cpp.h; path = RectangularTriangle.hpp; sourceTree = "<group>"; };
		B1AFEC832C73CF7A00182FAB /* Rhomb.cpp */ = {isa = PBXFileReference; lastKnownFileType = sourcecode.cpp.cpp; path = Rhomb.cpp; sourceTree = "<group>"; };
		B1AFEC842C73CF7A00182FAB /* Rhomb.hpp */ = {isa = PBXFileReference; lastKnownFileType = sourcecode.cpp.h; path = Rhomb.hpp; sourceTree = "<group>"; };
		B1AFEC862C73CF8800182FAB /* Square.cpp */ = {isa = PBXFileReference; lastKnownFileType = sourcecode.cpp.cpp; path = Square.cpp; sourceTree = "<group>"; };
		B1AFEC872C73CF8800182FAB /* Square.hpp */ = {isa = PBXFileReference; lastKnownFileType = sourcecode.cpp.h; path = Square.hpp; sourceTree = "<group>"; };
		B1AFEC892C73CF9B00182FAB /* Triangle.cpp */ = {isa = PBXFileReference; lastKnownFileType = sourcecode.cpp.cpp; path = Triangle.cpp; sourceTree = "<group>"; };
		B1AFEC8A2C73CF9B00182FAB /* Triangle.hpp */ = {isa = PBXFileReference; lastKnownFileType = sourcecode.cpp.h; path = Triangle.hpp; sourceTree = "<group>"; };
/* End PBXFileReference section */

/* Begin PBXFrameworksBuildPhase section */
		B1AFEC5B2C73CC9200182FAB /* Frameworks */ = {
			isa = PBXFrameworksBuildPhase;
			buildActionMask = 2147483647;
			files = (
			);
			runOnlyForDeploymentPostprocessing = 0;
		};
/* End PBXFrameworksBuildPhase section */

/* Begin PBXGroup section */
		B1AFEC552C73CC9200182FAB = {
			isa = PBXGroup;
			children = (
				B1AFEC602C73CC9200182FAB /* Exceptions_in_constructors */,
				B1AFEC5F2C73CC9200182FAB /* Products */,
			);
			sourceTree = "<group>";
		};
		B1AFEC5F2C73CC9200182FAB /* Products */ = {
			isa = PBXGroup;
			children = (
				B1AFEC5E2C73CC9200182FAB /* Exceptions_in_constructors */,
			);
			name = Products;
			sourceTree = "<group>";
		};
		B1AFEC602C73CC9200182FAB /* Exceptions_in_constructors */ = {
			isa = PBXGroup;
			children = (
				B1AFEC682C73CED700182FAB /* EquilateralTriangle.cpp */,
				B1AFEC692C73CED700182FAB /* EquilateralTriangle.hpp */,
				B1AFEC6B2C73CEF400182FAB /* Figure.cpp */,
				B1AFEC6C2C73CEF400182FAB /* Figure.hpp */,
				B1AFEC712C73CF1500182FAB /* FigureError.cpp */,
				B1AFEC722C73CF1500182FAB /* FigureError.hpp */,
				B1AFEC742C73CF2E00182FAB /* IsoscelesTriangle.cpp */,
				B1AFEC752C73CF2E00182FAB /* IsoscelesTriangle.hpp */,
				B1AFEC772C73CF3B00182FAB /* Parallelogram.cpp */,
				B1AFEC782C73CF3B00182FAB /* Parallelogram.hpp */,
				B1AFEC7A2C73CF4C00182FAB /* Quadrangle.cpp */,
				B1AFEC7B2C73CF4C00182FAB /* Quadrangle.hpp */,
				B1AFEC7D2C73CF5900182FAB /* Rectangle.cpp */,
				B1AFEC7E2C73CF5900182FAB /* Rectangle.hpp */,
				B1AFEC802C73CF6900182FAB /* RectangularTriangle.cpp */,
				B1AFEC812C73CF6900182FAB /* RectangularTriangle.hpp */,
				B1AFEC832C73CF7A00182FAB /* Rhomb.cpp */,
				B1AFEC842C73CF7A00182FAB /* Rhomb.hpp */,
				B1AFEC862C73CF8800182FAB /* Square.cpp */,
				B1AFEC872C73CF8800182FAB /* Square.hpp */,
				B1AFEC892C73CF9B00182FAB /* Triangle.cpp */,
				B1AFEC8A2C73CF9B00182FAB /* Triangle.hpp */,
			);
			path = Exceptions_in_constructors;
			sourceTree = "<group>";
		};
/* End PBXGroup section */

/* Begin PBXNativeTarget section */
		B1AFEC5D2C73CC9200182FAB /* Exceptions_in_constructors */ = {
			isa = PBXNativeTarget;
			buildConfigurationList = B1AFEC652C73CC9200182FAB /* Build configuration list for PBXNativeTarget "Exceptions_in_constructors" */;
			buildPhases = (
				B1AFEC5A2C73CC9200182FAB /* Sources */,
				B1AFEC5B2C73CC9200182FAB /* Frameworks */,
				B1AFEC5C2C73CC9200182FAB /* CopyFiles */,
			);
			buildRules = (
			);
			dependencies = (
			);
			name = Exceptions_in_constructors;
			productName = Exceptions_in_constructors;
			productReference = B1AFEC5E2C73CC9200182FAB /* Exceptions_in_constructors */;
			productType = "com.apple.product-type.tool";
		};
/* End PBXNativeTarget section */

/* Begin PBXProject section */
		B1AFEC562C73CC9200182FAB /* Project object */ = {
			isa = PBXProject;
			attributes = {
				BuildIndependentTargetsInParallel = 1;
				LastUpgradeCheck = 1540;
				TargetAttributes = {
					B1AFEC5D2C73CC9200182FAB = {
						CreatedOnToolsVersion = 15.4;
					};
				};
			};
			buildConfigurationList = B1AFEC592C73CC9200182FAB /* Build configuration list for PBXProject "Exceptions_in_constructors" */;
			compatibilityVersion = "Xcode 14.0";
			developmentRegion = en;
			hasScannedForEncodings = 0;
			knownRegions = (
				en,
				Base,
			);
			mainGroup = B1AFEC552C73CC9200182FAB;
			productRefGroup = B1AFEC5F2C73CC9200182FAB /* Products */;
			projectDirPath = "";
			projectRoot = "";
			targets = (
				B1AFEC5D2C73CC9200182FAB /* Exceptions_in_constructors */,
			);
		};
/* End PBXProject section */

/* Begin PBXSourcesBuildPhase section */
		B1AFEC5A2C73CC9200182FAB /* Sources */ = {
			isa = PBXSourcesBuildPhase;
			buildActionMask = 2147483647;
			files = (
				B1AFEC882C73CF8800182FAB /* Square.cpp in Sources */,
				B1AFEC6A2C73CED700182FAB /* EquilateralTriangle.cpp in Sources */,
				B1AFEC732C73CF1500182FAB /* FigureError.cpp in Sources */,
				B1AFEC762C73CF2E00182FAB /* IsoscelesTriangle.cpp in Sources */,
				B1AFEC6D2C73CEF400182FAB /* Figure.cpp in Sources */,
				B1AFEC8B2C73CF9B00182FAB /* Triangle.cpp in Sources */,
				B1AFEC792C73CF3B00182FAB /* Parallelogram.cpp in Sources */,
				B1AFEC7F2C73CF5900182FAB /* Rectangle.cpp in Sources */,
				B1AFEC822C73CF6900182FAB /* RectangularTriangle.cpp in Sources */,
				B1AFEC7C2C73CF4C00182FAB /* Quadrangle.cpp in Sources */,
				B1AFEC852C73CF7A00182FAB /* Rhomb.cpp in Sources */,
			);
			runOnlyForDeploymentPostprocessing = 0;
		};
/* End PBXSourcesBuildPhase section */

/* Begin XCBuildConfiguration section */
		B1AFEC632C73CC9200182FAB /* Debug */ = {
			isa = XCBuildConfiguration;
			buildSettings = {
				ALWAYS_SEARCH_USER_PATHS = NO;
				ASSETCATALOG_COMPILER_GENERATE_SWIFT_ASSET_SYMBOL_EXTENSIONS = YES;
				CLANG_ANALYZER_NONNULL = YES;
				CLANG_ANALYZER_NUMBER_OBJECT_CONVERSION = YES_AGGRESSIVE;
				CLANG_CXX_LANGUAGE_STANDARD = "gnu++20";
				CLANG_ENABLE_MODULES = YES;
				CLANG_ENABLE_OBJC_ARC = YES;
				CLANG_ENABLE_OBJC_WEAK = YES;
				CLANG_WARN_BLOCK_CAPTURE_AUTORELEASING = YES;
				CLANG_WARN_BOOL_CONVERSION = YES;
				CLANG_WARN_COMMA = YES;
				CLANG_WARN_CONSTANT_CONVERSION = YES;
				CLANG_WARN_DEPRECATED_OBJC_IMPLEMENTATIONS = YES;
				CLANG_WARN_DIRECT_OBJC_ISA_USAGE = YES_ERROR;
				CLANG_WARN_DOCUMENTATION_COMMENTS = YES;
				CLANG_WARN_EMPTY_BODY = YES;
				CLANG_WARN_ENUM_CONVERSION = YES;
				CLANG_WARN_INFINITE_RECURSION = YES;
				CLANG_WARN_INT_CONVERSION = YES;
				CLANG_WARN_NON_LITERAL_NULL_CONVERSION = YES;
				CLANG_WARN_OBJC_IMPLICIT_RETAIN_SELF = YES;
				CLANG_WARN_OBJC_LITERAL_CONVERSION = YES;
				CLANG_WARN_OBJC_ROOT_CLASS = YES_ERROR;
				CLANG_WARN_QUOTED_INCLUDE_IN_FRAMEWORK_HEADER = YES;
				CLANG_WARN_RANGE_LOOP_ANALYSIS = YES;
				CLANG_WARN_STRICT_PROTOTYPES = YES;
				CLANG_WARN_SUSPICIOUS_MOVE = YES;
				CLANG_WARN_UNGUARDED_AVAILABILITY = YES_AGGRESSIVE;
				CLANG_WARN_UNREACHABLE_CODE = YES;
				CLANG_WARN__DUPLICATE_METHOD_MATCH = YES;
				COPY_PHASE_STRIP = NO;
				DEBUG_INFORMATION_FORMAT = dwarf;
				ENABLE_STRICT_OBJC_MSGSEND = YES;
				ENABLE_TESTABILITY = YES;
				ENABLE_USER_SCRIPT_SANDBOXING = YES;
				GCC_C_LANGUAGE_STANDARD = gnu17;
				GCC_DYNAMIC_NO_PIC = NO;
				GCC_NO_COMMON_BLOCKS = YES;
				GCC_OPTIMIZATION_LEVEL = 0;
				GCC_PREPROCESSOR_DEFINITIONS = (
					"DEBUG=1",
					"$(inherited)",
				);
				GCC_WARN_64_TO_32_BIT_CONVERSION = YES;
				GCC_WARN_ABOUT_RETURN_TYPE = YES_ERROR;
				GCC_WARN_UNDECLARED_SELECTOR = YES;
				GCC_WARN_UNINITIALIZED_AUTOS = YES_AGGRESSIVE;
				GCC_WARN_UNUSED_FUNCTION = YES;
				GCC_WARN_UNUSED_VARIABLE = YES;
				LOCALIZATION_PREFERS_STRING_CATALOGS = YES;
				MACOSX_DEPLOYMENT_TARGET = 14.5;
				MTL_ENABLE_DEBUG_INFO = INCLUDE_SOURCE;
				MTL_FAST_MATH = YES;
				ONLY_ACTIVE_ARCH = YES;
				SDKROOT = macosx;
			};
			name = Debug;
		};
		B1AFEC642C73CC9200182FAB /* Release */ = {
			isa = XCBuildConfiguration;
			buildSettings = {
				ALWAYS_SEARCH_USER_PATHS = NO;
				ASSETCATALOG_COMPILER_GENERATE_SWIFT_ASSET_SYMBOL_EXTENSIONS = YES;
				CLANG_ANALYZER_NONNULL = YES;
				CLANG_ANALYZER_NUMBER_OBJECT_CONVERSION = YES_AGGRESSIVE;
				CLANG_CXX_LANGUAGE_STANDARD = "gnu++20";
				CLANG_ENABLE_MODULES = YES;
				CLANG_ENABLE_OBJC_ARC = YES;
				CLANG_ENABLE_OBJC_WEAK = YES;
				CLANG_WARN_BLOCK_CAPTURE_AUTORELEASING = YES;
				CLANG_WARN_BOOL_CONVERSION = YES;
				CLANG_WARN_COMMA = YES;
				CLANG_WARN_CONSTANT_CONVERSION = YES;
				CLANG_WARN_DEPRECATED_OBJC_IMPLEMENTATIONS = YES;
				CLANG_WARN_DIRECT_OBJC_ISA_USAGE = YES_ERROR;
				CLANG_WARN_DOCUMENTATION_COMMENTS = YES;
				CLANG_WARN_EMPTY_BODY = YES;
				CLANG_WARN_ENUM_CONVERSION = YES;
				CLANG_WARN_INFINITE_RECURSION = YES;
				CLANG_WARN_INT_CONVERSION = YES;
				CLANG_WARN_NON_LITERAL_NULL_CONVERSION = YES;
				CLANG_WARN_OBJC_IMPLICIT_RETAIN_SELF = YES;
				CLANG_WARN_OBJC_LITERAL_CONVERSION = YES;
				CLANG_WARN_OBJC_ROOT_CLASS = YES_ERROR;
				CLANG_WARN_QUOTED_INCLUDE_IN_FRAMEWORK_HEADER = YES;
				CLANG_WARN_RANGE_LOOP_ANALYSIS = YES;
				CLANG_WARN_STRICT_PROTOTYPES = YES;
				CLANG_WARN_SUSPICIOUS_MOVE = YES;
				CLANG_WARN_UNGUARDED_AVAILABILITY = YES_AGGRESSIVE;
				CLANG_WARN_UNREACHABLE_CODE = YES;
				CLANG_WARN__DUPLICATE_METHOD_MATCH = YES;
				COPY_PHASE_STRIP = NO;
				DEBUG_INFORMATION_FORMAT = "dwarf-with-dsym";
				ENABLE_NS_ASSERTIONS = NO;
				ENABLE_STRICT_OBJC_MSGSEND = YES;
				ENABLE_USER_SCRIPT_SANDBOXING = YES;
				GCC_C_LANGUAGE_STANDARD = gnu17;
				GCC_NO_COMMON_BLOCKS = YES;
				GCC_WARN_64_TO_32_BIT_CONVERSION = YES;
				GCC_WARN_ABOUT_RETURN_TYPE = YES_ERROR;
				GCC_WARN_UNDECLARED_SELECTOR = YES;
				GCC_WARN_UNINITIALIZED_AUTOS = YES_AGGRESSIVE;
				GCC_WARN_UNUSED_FUNCTION = YES;
				GCC_WARN_UNUSED_VARIABLE = YES;
				LOCALIZATION_PREFERS_STRING_CATALOGS = YES;
				MACOSX_DEPLOYMENT_TARGET = 14.5;
				MTL_ENABLE_DEBUG_INFO = NO;
				MTL_FAST_MATH = YES;
				SDKROOT = macosx;
			};
			name = Release;
		};
		B1AFEC662C73CC9200182FAB /* Debug */ = {
			isa = XCBuildConfiguration;
			buildSettings = {
				CODE_SIGN_STYLE = Automatic;
				PRODUCT_NAME = "$(TARGET_NAME)";
			};
			name = Debug;
		};
		B1AFEC672C73CC9200182FAB /* Release */ = {
			isa = XCBuildConfiguration;
			buildSettings = {
				CODE_SIGN_STYLE = Automatic;
				PRODUCT_NAME = "$(TARGET_NAME)";
			};
			name = Release;
		};
/* End XCBuildConfiguration section */

/* Begin XCConfigurationList section */
		B1AFEC592C73CC9200182FAB /* Build configuration list for PBXProject "Exceptions_in_constructors" */ = {
			isa = XCConfigurationList;
			buildConfigurations = (
				B1AFEC632C73CC9200182FAB /* Debug */,
				B1AFEC642C73CC9200182FAB /* Release */,
			);
			defaultConfigurationIsVisible = 0;
			defaultConfigurationName = Release;
		};
		B1AFEC652C73CC9200182FAB /* Build configuration list for PBXNativeTarget "Exceptions_in_constructors" */ = {
			isa = XCConfigurationList;
			buildConfigurations = (
				B1AFEC662C73CC9200182FAB /* Debug */,
				B1AFEC672C73CC9200182FAB /* Release */,
			);
			defaultConfigurationIsVisible = 0;
			defaultConfigurationName = Release;
		};
/* End XCConfigurationList section */
	};
	rootObject = B1AFEC562C73CC9200182FAB /* Project object */;
}
